
Microsoft Visual Studio Solution File, Format Version 12.00
# Visual Studio Version 17
VisualStudioVersion = 17.2.32630.192
MinimumVisualStudioVersion = 10.0.40219.1
Project("{9092AA53-FB77-4645-B42D-1CCCA6BD08BD}") = "HospitalApp", "HospitalApp\HospitalApp.njsproj", "{4A654B94-DCAE-4660-928C-84B4DD429B23}"
EndProject
Global
	GlobalSection(SolutionConfigurationPlatforms) = preSolution
		Debug|Any CPU = Debug|Any CPU
		Release|Any CPU = Release|Any CPU
	EndGlobalSection
	GlobalSection(ProjectConfigurationPlatforms) = postSolution
		{4A654B94-DCAE-4660-928C-84B4DD429B23}.Debug|Any CPU.ActiveCfg = Debug|Any CPU
		{4A654B94-DCAE-4660-928C-84B4DD429B23}.Debug|Any CPU.Build.0 = Debug|Any CPU
		{4A654B94-DCAE-4660-928C-84B4DD429B23}.Release|Any CPU.ActiveCfg = Release|Any CPU
		{4A654B94-DCAE-4660-928C-84B4DD429B23}.Release|Any CPU.Build.0 = Release|Any CPU
	EndGlobalSection
	GlobalSection(SolutionProperties) = preSolution
		HideSolutionNode = FALSE
	EndGlobalSection
	GlobalSection(ExtensibilityGlobals) = postSolution
		SolutionGuid = {4D3CB3C6-9011-4C1B-9A7D-E93FA29E9E1E}
	EndGlobalSection
EndGlobal
